// !$*UTF8*$!
{
	archiveVersion = 1;
	classes = {
	};
	objectVersion = 46;
	objects = {

/* Begin PBXBuildFile section */
		530F90701B0C336200A3D2E2 /* Dictionary+Swifter.swift in Sources */ = {isa = PBXBuildFile; fileRef = 530F90521B0C336200A3D2E2 /* Dictionary+Swifter.swift */; };
		530F90711B0C336200A3D2E2 /* Info.plist in Resources */ = {isa = PBXBuildFile; fileRef = 530F90531B0C336200A3D2E2 /* Info.plist */; };
		530F90721B0C336200A3D2E2 /* JSON.swift in Sources */ = {isa = PBXBuildFile; fileRef = 530F90541B0C336200A3D2E2 /* JSON.swift */; };
		530F90731B0C336200A3D2E2 /* NSURL+Swifter.swift in Sources */ = {isa = PBXBuildFile; fileRef = 530F90551B0C336200A3D2E2 /* NSURL+Swifter.swift */; };
		530F90741B0C336200A3D2E2 /* String+Swifter.swift in Sources */ = {isa = PBXBuildFile; fileRef = 530F90561B0C336200A3D2E2 /* String+Swifter.swift */; };
		530F90751B0C336200A3D2E2 /* Swifter.swift in Sources */ = {isa = PBXBuildFile; fileRef = 530F90591B0C336200A3D2E2 /* Swifter.swift */; };
		530F90761B0C336200A3D2E2 /* SwifterAccountsClient.swift in Sources */ = {isa = PBXBuildFile; fileRef = 530F905A1B0C336200A3D2E2 /* SwifterAccountsClient.swift */; };
		530F90771B0C336200A3D2E2 /* SwifterAppOnlyClient.swift in Sources */ = {isa = PBXBuildFile; fileRef = 530F905B1B0C336200A3D2E2 /* SwifterAppOnlyClient.swift */; };
		530F90781B0C336200A3D2E2 /* SwifterAuth.swift in Sources */ = {isa = PBXBuildFile; fileRef = 530F905C1B0C336200A3D2E2 /* SwifterAuth.swift */; };
		530F90791B0C336200A3D2E2 /* SwifterClientProtocol.swift in Sources */ = {isa = PBXBuildFile; fileRef = 530F905D1B0C336200A3D2E2 /* SwifterClientProtocol.swift */; };
		530F907A1B0C336200A3D2E2 /* SwifterCredential.swift in Sources */ = {isa = PBXBuildFile; fileRef = 530F905E1B0C336200A3D2E2 /* SwifterCredential.swift */; };
		530F907B1B0C336200A3D2E2 /* SwifterFavorites.swift in Sources */ = {isa = PBXBuildFile; fileRef = 530F905F1B0C336200A3D2E2 /* SwifterFavorites.swift */; };
		530F907C1B0C336200A3D2E2 /* SwifterFollowers.swift in Sources */ = {isa = PBXBuildFile; fileRef = 530F90601B0C336200A3D2E2 /* SwifterFollowers.swift */; };
		530F907D1B0C336200A3D2E2 /* SwifterHelp.swift in Sources */ = {isa = PBXBuildFile; fileRef = 530F90611B0C336200A3D2E2 /* SwifterHelp.swift */; };
		530F907E1B0C336200A3D2E2 /* SwifterHTTPRequest.swift in Sources */ = {isa = PBXBuildFile; fileRef = 530F90621B0C336200A3D2E2 /* SwifterHTTPRequest.swift */; };
		530F907F1B0C336200A3D2E2 /* SwifterLists.swift in Sources */ = {isa = PBXBuildFile; fileRef = 530F90631B0C336200A3D2E2 /* SwifterLists.swift */; };
		530F90801B0C336200A3D2E2 /* SwifterMessages.swift in Sources */ = {isa = PBXBuildFile; fileRef = 530F90641B0C336200A3D2E2 /* SwifterMessages.swift */; };
		530F90811B0C336200A3D2E2 /* SwifterOAuthClient.swift in Sources */ = {isa = PBXBuildFile; fileRef = 530F90651B0C336200A3D2E2 /* SwifterOAuthClient.swift */; };
		530F90821B0C336200A3D2E2 /* SwifterPlaces.swift in Sources */ = {isa = PBXBuildFile; fileRef = 530F90661B0C336200A3D2E2 /* SwifterPlaces.swift */; };
		530F90831B0C336200A3D2E2 /* SwifterSavedSearches.swift in Sources */ = {isa = PBXBuildFile; fileRef = 530F90671B0C336200A3D2E2 /* SwifterSavedSearches.swift */; };
		530F90841B0C336200A3D2E2 /* SwifterSearch.swift in Sources */ = {isa = PBXBuildFile; fileRef = 530F90681B0C336200A3D2E2 /* SwifterSearch.swift */; };
		530F90851B0C336200A3D2E2 /* SwifterSpam.swift in Sources */ = {isa = PBXBuildFile; fileRef = 530F90691B0C336200A3D2E2 /* SwifterSpam.swift */; };
		530F90861B0C336200A3D2E2 /* SwifterStreaming.swift in Sources */ = {isa = PBXBuildFile; fileRef = 530F906A1B0C336200A3D2E2 /* SwifterStreaming.swift */; };
		530F90871B0C336200A3D2E2 /* SwifterSuggested.swift in Sources */ = {isa = PBXBuildFile; fileRef = 530F906B1B0C336200A3D2E2 /* SwifterSuggested.swift */; };
		530F90881B0C336200A3D2E2 /* SwifterTimelines.swift in Sources */ = {isa = PBXBuildFile; fileRef = 530F906C1B0C336200A3D2E2 /* SwifterTimelines.swift */; };
		530F90891B0C336200A3D2E2 /* SwifterTrends.swift in Sources */ = {isa = PBXBuildFile; fileRef = 530F906D1B0C336200A3D2E2 /* SwifterTrends.swift */; };
		530F908A1B0C336200A3D2E2 /* SwifterTweets.swift in Sources */ = {isa = PBXBuildFile; fileRef = 530F906E1B0C336200A3D2E2 /* SwifterTweets.swift */; };
		530F908B1B0C336200A3D2E2 /* SwifterUsers.swift in Sources */ = {isa = PBXBuildFile; fileRef = 530F906F1B0C336200A3D2E2 /* SwifterUsers.swift */; };
		530F908D1B0C338A00A3D2E2 /* TwitterViewController.swift in Sources */ = {isa = PBXBuildFile; fileRef = 530F908C1B0C338A00A3D2E2 /* TwitterViewController.swift */; };
		530F90921B0C364B00A3D2E2 /* TweetCell.swift in Sources */ = {isa = PBXBuildFile; fileRef = 530F90911B0C364B00A3D2E2 /* TweetCell.swift */; };
		530F90941B0C36A800A3D2E2 /* Tweet.swift in Sources */ = {isa = PBXBuildFile; fileRef = 530F90931B0C36A800A3D2E2 /* Tweet.swift */; };
		530F90961B0C370100A3D2E2 /* TweetUser.swift in Sources */ = {isa = PBXBuildFile; fileRef = 530F90951B0C370100A3D2E2 /* TweetUser.swift */; };
		530F90981B0C599B00A3D2E2 /* UIImageView+Utils.swift in Sources */ = {isa = PBXBuildFile; fileRef = 530F90971B0C599B00A3D2E2 /* UIImageView+Utils.swift */; };
		8B0F2769174ADFC866135F6F /* Pods.framework in Frameworks */ = {isa = PBXBuildFile; fileRef = 281442C23B9F2AAF26CB29FE /* Pods.framework */; settings = {ATTRIBUTES = (Weak, ); }; };
		F4223C331B0AE2FA00BAE59B /* BartClient.swift in Sources */ = {isa = PBXBuildFile; fileRef = F4223C321B0AE2FA00BAE59B /* BartClient.swift */; };
		F4223C351B0AE8F900BAE59B /* Station.swift in Sources */ = {isa = PBXBuildFile; fileRef = F4223C341B0AE8F900BAE59B /* Station.swift */; };
		F4223C371B0AEE2400BAE59B /* ScheduleInformation.swift in Sources */ = {isa = PBXBuildFile; fileRef = F4223C361B0AEE2400BAE59B /* ScheduleInformation.swift */; };
		F43D09FE1B095BFD00F73939 /* AppDelegate.swift in Sources */ = {isa = PBXBuildFile; fileRef = F43D09FD1B095BFD00F73939 /* AppDelegate.swift */; };
		F43D0A001B095BFD00F73939 /* ViewController.swift in Sources */ = {isa = PBXBuildFile; fileRef = F43D09FF1B095BFD00F73939 /* ViewController.swift */; };
		F43D0A031B095BFD00F73939 /* Main.storyboard in Resources */ = {isa = PBXBuildFile; fileRef = F43D0A011B095BFD00F73939 /* Main.storyboard */; };
		F43D0A051B095BFD00F73939 /* Images.xcassets in Resources */ = {isa = PBXBuildFile; fileRef = F43D0A041B095BFD00F73939 /* Images.xcassets */; };
		F43D0A081B095BFD00F73939 /* LaunchScreen.xib in Resources */ = {isa = PBXBuildFile; fileRef = F43D0A061B095BFD00F73939 /* LaunchScreen.xib */; };
		F43D0A141B095BFD00F73939 /* SFTransitTests.swift in Sources */ = {isa = PBXBuildFile; fileRef = F43D0A131B095BFD00F73939 /* SFTransitTests.swift */; };
/* End PBXBuildFile section */

/* Begin PBXContainerItemProxy section */
		F43D0A0E1B095BFD00F73939 /* PBXContainerItemProxy */ = {
			isa = PBXContainerItemProxy;
			containerPortal = F43D09F01B095BFD00F73939 /* Project object */;
			proxyType = 1;
			remoteGlobalIDString = F43D09F71B095BFD00F73939;
			remoteInfo = SFTransit;
		};
/* End PBXContainerItemProxy section */

/* Begin PBXFileReference section */
		281442C23B9F2AAF26CB29FE /* Pods.framework */ = {isa = PBXFileReference; explicitFileType = wrapper.framework; includeInIndex = 0; path = Pods.framework; sourceTree = BUILT_PRODUCTS_DIR; };
		530F90521B0C336200A3D2E2 /* Dictionary+Swifter.swift */ = {isa = PBXFileReference; fileEncoding = 4; lastKnownFileType = sourcecode.swift; path = "Dictionary+Swifter.swift"; sourceTree = "<group>"; };
		530F90531B0C336200A3D2E2 /* Info.plist */ = {isa = PBXFileReference; fileEncoding = 4; lastKnownFileType = text.plist.xml; path = Info.plist; sourceTree = "<group>"; };
		530F90541B0C336200A3D2E2 /* JSON.swift */ = {isa = PBXFileReference; fileEncoding = 4; lastKnownFileType = sourcecode.swift; path = JSON.swift; sourceTree = "<group>"; };
		530F90551B0C336200A3D2E2 /* NSURL+Swifter.swift */ = {isa = PBXFileReference; fileEncoding = 4; lastKnownFileType = sourcecode.swift; path = "NSURL+Swifter.swift"; sourceTree = "<group>"; };
		530F90561B0C336200A3D2E2 /* String+Swifter.swift */ = {isa = PBXFileReference; fileEncoding = 4; lastKnownFileType = sourcecode.swift; path = "String+Swifter.swift"; sourceTree = "<group>"; };
		530F90571B0C336200A3D2E2 /* Swifter-Bridging-Header.h */ = {isa = PBXFileReference; fileEncoding = 4; lastKnownFileType = sourcecode.c.h; path = "Swifter-Bridging-Header.h"; sourceTree = "<group>"; };
		530F90581B0C336200A3D2E2 /* Swifter.h */ = {isa = PBXFileReference; fileEncoding = 4; lastKnownFileType = sourcecode.c.h; path = Swifter.h; sourceTree = "<group>"; };
		530F90591B0C336200A3D2E2 /* Swifter.swift */ = {isa = PBXFileReference; fileEncoding = 4; lastKnownFileType = sourcecode.swift; path = Swifter.swift; sourceTree = "<group>"; };
		530F905A1B0C336200A3D2E2 /* SwifterAccountsClient.swift */ = {isa = PBXFileReference; fileEncoding = 4; lastKnownFileType = sourcecode.swift; path = SwifterAccountsClient.swift; sourceTree = "<group>"; };
		530F905B1B0C336200A3D2E2 /* SwifterAppOnlyClient.swift */ = {isa = PBXFileReference; fileEncoding = 4; lastKnownFileType = sourcecode.swift; path = SwifterAppOnlyClient.swift; sourceTree = "<group>"; };
		530F905C1B0C336200A3D2E2 /* SwifterAuth.swift */ = {isa = PBXFileReference; fileEncoding = 4; lastKnownFileType = sourcecode.swift; path = SwifterAuth.swift; sourceTree = "<group>"; };
		530F905D1B0C336200A3D2E2 /* SwifterClientProtocol.swift */ = {isa = PBXFileReference; fileEncoding = 4; lastKnownFileType = sourcecode.swift; path = SwifterClientProtocol.swift; sourceTree = "<group>"; };
		530F905E1B0C336200A3D2E2 /* SwifterCredential.swift */ = {isa = PBXFileReference; fileEncoding = 4; lastKnownFileType = sourcecode.swift; path = SwifterCredential.swift; sourceTree = "<group>"; };
		530F905F1B0C336200A3D2E2 /* SwifterFavorites.swift */ = {isa = PBXFileReference; fileEncoding = 4; lastKnownFileType = sourcecode.swift; path = SwifterFavorites.swift; sourceTree = "<group>"; };
		530F90601B0C336200A3D2E2 /* SwifterFollowers.swift */ = {isa = PBXFileReference; fileEncoding = 4; lastKnownFileType = sourcecode.swift; path = SwifterFollowers.swift; sourceTree = "<group>"; };
		530F90611B0C336200A3D2E2 /* SwifterHelp.swift */ = {isa = PBXFileReference; fileEncoding = 4; lastKnownFileType = sourcecode.swift; path = SwifterHelp.swift; sourceTree = "<group>"; };
		530F90621B0C336200A3D2E2 /* SwifterHTTPRequest.swift */ = {isa = PBXFileReference; fileEncoding = 4; lastKnownFileType = sourcecode.swift; path = SwifterHTTPRequest.swift; sourceTree = "<group>"; };
		530F90631B0C336200A3D2E2 /* SwifterLists.swift */ = {isa = PBXFileReference; fileEncoding = 4; lastKnownFileType = sourcecode.swift; path = SwifterLists.swift; sourceTree = "<group>"; };
		530F90641B0C336200A3D2E2 /* SwifterMessages.swift */ = {isa = PBXFileReference; fileEncoding = 4; lastKnownFileType = sourcecode.swift; path = SwifterMessages.swift; sourceTree = "<group>"; };
		530F90651B0C336200A3D2E2 /* SwifterOAuthClient.swift */ = {isa = PBXFileReference; fileEncoding = 4; lastKnownFileType = sourcecode.swift; path = SwifterOAuthClient.swift; sourceTree = "<group>"; };
		530F90661B0C336200A3D2E2 /* SwifterPlaces.swift */ = {isa = PBXFileReference; fileEncoding = 4; lastKnownFileType = sourcecode.swift; path = SwifterPlaces.swift; sourceTree = "<group>"; };
		530F90671B0C336200A3D2E2 /* SwifterSavedSearches.swift */ = {isa = PBXFileReference; fileEncoding = 4; lastKnownFileType = sourcecode.swift; path = SwifterSavedSearches.swift; sourceTree = "<group>"; };
		530F90681B0C336200A3D2E2 /* SwifterSearch.swift */ = {isa = PBXFileReference; fileEncoding = 4; lastKnownFileType = sourcecode.swift; path = SwifterSearch.swift; sourceTree = "<group>"; };
		530F90691B0C336200A3D2E2 /* SwifterSpam.swift */ = {isa = PBXFileReference; fileEncoding = 4; lastKnownFileType = sourcecode.swift; path = SwifterSpam.swift; sourceTree = "<group>"; };
		530F906A1B0C336200A3D2E2 /* SwifterStreaming.swift */ = {isa = PBXFileReference; fileEncoding = 4; lastKnownFileType = sourcecode.swift; path = SwifterStreaming.swift; sourceTree = "<group>"; };
		530F906B1B0C336200A3D2E2 /* SwifterSuggested.swift */ = {isa = PBXFileReference; fileEncoding = 4; lastKnownFileType = sourcecode.swift; path = SwifterSuggested.swift; sourceTree = "<group>"; };
		530F906C1B0C336200A3D2E2 /* SwifterTimelines.swift */ = {isa = PBXFileReference; fileEncoding = 4; lastKnownFileType = sourcecode.swift; path = SwifterTimelines.swift; sourceTree = "<group>"; };
		530F906D1B0C336200A3D2E2 /* SwifterTrends.swift */ = {isa = PBXFileReference; fileEncoding = 4; lastKnownFileType = sourcecode.swift; path = SwifterTrends.swift; sourceTree = "<group>"; };
		530F906E1B0C336200A3D2E2 /* SwifterTweets.swift */ = {isa = PBXFileReference; fileEncoding = 4; lastKnownFileType = sourcecode.swift; path = SwifterTweets.swift; sourceTree = "<group>"; };
		530F906F1B0C336200A3D2E2 /* SwifterUsers.swift */ = {isa = PBXFileReference; fileEncoding = 4; lastKnownFileType = sourcecode.swift; path = SwifterUsers.swift; sourceTree = "<group>"; };
		530F908C1B0C338A00A3D2E2 /* TwitterViewController.swift */ = {isa = PBXFileReference; fileEncoding = 4; lastKnownFileType = sourcecode.swift; path = TwitterViewController.swift; sourceTree = "<group>"; };
		530F908E1B0C34A400A3D2E2 /* SFTransit-Bridging-Header.h */ = {isa = PBXFileReference; lastKnownFileType = sourcecode.c.h; path = "SFTransit-Bridging-Header.h"; sourceTree = "<group>"; };
		530F90911B0C364B00A3D2E2 /* TweetCell.swift */ = {isa = PBXFileReference; fileEncoding = 4; lastKnownFileType = sourcecode.swift; path = TweetCell.swift; sourceTree = "<group>"; };
		530F90931B0C36A800A3D2E2 /* Tweet.swift */ = {isa = PBXFileReference; fileEncoding = 4; lastKnownFileType = sourcecode.swift; path = Tweet.swift; sourceTree = "<group>"; };
		530F90951B0C370100A3D2E2 /* TweetUser.swift */ = {isa = PBXFileReference; fileEncoding = 4; lastKnownFileType = sourcecode.swift; path = TweetUser.swift; sourceTree = "<group>"; };
		530F90971B0C599B00A3D2E2 /* UIImageView+Utils.swift */ = {isa = PBXFileReference; fileEncoding = 4; lastKnownFileType = sourcecode.swift; path = "UIImageView+Utils.swift"; sourceTree = "<group>"; };
		7D2601BD7A4E445AAAE0B0C6 /* Pods.release.xcconfig */ = {isa = PBXFileReference; includeInIndex = 1; lastKnownFileType = text.xcconfig; name = Pods.release.xcconfig; path = "Pods/Target Support Files/Pods/Pods.release.xcconfig"; sourceTree = "<group>"; };
		C15F2832B548A475270E3D40 /* Pods.debug.xcconfig */ = {isa = PBXFileReference; includeInIndex = 1; lastKnownFileType = text.xcconfig; name = Pods.debug.xcconfig; path = "Pods/Target Support Files/Pods/Pods.debug.xcconfig"; sourceTree = "<group>"; };
		F4223C321B0AE2FA00BAE59B /* BartClient.swift */ = {isa = PBXFileReference; fileEncoding = 4; lastKnownFileType = sourcecode.swift; path = BartClient.swift; sourceTree = "<group>"; };
		F4223C341B0AE8F900BAE59B /* Station.swift */ = {isa = PBXFileReference; fileEncoding = 4; lastKnownFileType = sourcecode.swift; path = Station.swift; sourceTree = "<group>"; };
		F4223C361B0AEE2400BAE59B /* ScheduleInformation.swift */ = {isa = PBXFileReference; fileEncoding = 4; lastKnownFileType = sourcecode.swift; path = ScheduleInformation.swift; sourceTree = "<group>"; };
		F43D09F81B095BFD00F73939 /* SFTransit.app */ = {isa = PBXFileReference; explicitFileType = wrapper.application; includeInIndex = 0; path = SFTransit.app; sourceTree = BUILT_PRODUCTS_DIR; };
		F43D09FC1B095BFD00F73939 /* Info.plist */ = {isa = PBXFileReference; lastKnownFileType = text.plist.xml; path = Info.plist; sourceTree = "<group>"; };
		F43D09FD1B095BFD00F73939 /* AppDelegate.swift */ = {isa = PBXFileReference; lastKnownFileType = sourcecode.swift; path = AppDelegate.swift; sourceTree = "<group>"; };
		F43D09FF1B095BFD00F73939 /* ViewController.swift */ = {isa = PBXFileReference; lastKnownFileType = sourcecode.swift; path = ViewController.swift; sourceTree = "<group>"; };
		F43D0A021B095BFD00F73939 /* Base */ = {isa = PBXFileReference; lastKnownFileType = file.storyboard; name = Base; path = Base.lproj/Main.storyboard; sourceTree = "<group>"; };
		F43D0A041B095BFD00F73939 /* Images.xcassets */ = {isa = PBXFileReference; lastKnownFileType = folder.assetcatalog; path = Images.xcassets; sourceTree = "<group>"; };
		F43D0A071B095BFD00F73939 /* Base */ = {isa = PBXFileReference; lastKnownFileType = file.xib; name = Base; path = Base.lproj/LaunchScreen.xib; sourceTree = "<group>"; };
		F43D0A0D1B095BFD00F73939 /* SFTransitTests.xctest */ = {isa = PBXFileReference; explicitFileType = wrapper.cfbundle; includeInIndex = 0; path = SFTransitTests.xctest; sourceTree = BUILT_PRODUCTS_DIR; };
		F43D0A121B095BFD00F73939 /* Info.plist */ = {isa = PBXFileReference; lastKnownFileType = text.plist.xml; path = Info.plist; sourceTree = "<group>"; };
		F43D0A131B095BFD00F73939 /* SFTransitTests.swift */ = {isa = PBXFileReference; lastKnownFileType = sourcecode.swift; path = SFTransitTests.swift; sourceTree = "<group>"; };
/* End PBXFileReference section */

/* Begin PBXFrameworksBuildPhase section */
		F43D09F51B095BFD00F73939 /* Frameworks */ = {
			isa = PBXFrameworksBuildPhase;
			buildActionMask = 2147483647;
			files = (
				8B0F2769174ADFC866135F6F /* Pods.framework in Frameworks */,
			);
			runOnlyForDeploymentPostprocessing = 0;
		};
		F43D0A0A1B095BFD00F73939 /* Frameworks */ = {
			isa = PBXFrameworksBuildPhase;
			buildActionMask = 2147483647;
			files = (
			);
			runOnlyForDeploymentPostprocessing = 0;
		};
/* End PBXFrameworksBuildPhase section */

/* Begin PBXGroup section */
		530F90511B0C336200A3D2E2 /* Swifter */ = {
			isa = PBXGroup;
			children = (
				530F90521B0C336200A3D2E2 /* Dictionary+Swifter.swift */,
				530F90531B0C336200A3D2E2 /* Info.plist */,
				530F90541B0C336200A3D2E2 /* JSON.swift */,
				530F90551B0C336200A3D2E2 /* NSURL+Swifter.swift */,
				530F90561B0C336200A3D2E2 /* String+Swifter.swift */,
				530F90571B0C336200A3D2E2 /* Swifter-Bridging-Header.h */,
				530F90581B0C336200A3D2E2 /* Swifter.h */,
				530F90591B0C336200A3D2E2 /* Swifter.swift */,
				530F905A1B0C336200A3D2E2 /* SwifterAccountsClient.swift */,
				530F905B1B0C336200A3D2E2 /* SwifterAppOnlyClient.swift */,
				530F905C1B0C336200A3D2E2 /* SwifterAuth.swift */,
				530F905D1B0C336200A3D2E2 /* SwifterClientProtocol.swift */,
				530F905E1B0C336200A3D2E2 /* SwifterCredential.swift */,
				530F905F1B0C336200A3D2E2 /* SwifterFavorites.swift */,
				530F90601B0C336200A3D2E2 /* SwifterFollowers.swift */,
				530F90611B0C336200A3D2E2 /* SwifterHelp.swift */,
				530F90621B0C336200A3D2E2 /* SwifterHTTPRequest.swift */,
				530F90631B0C336200A3D2E2 /* SwifterLists.swift */,
				530F90641B0C336200A3D2E2 /* SwifterMessages.swift */,
				530F90651B0C336200A3D2E2 /* SwifterOAuthClient.swift */,
				530F90661B0C336200A3D2E2 /* SwifterPlaces.swift */,
				530F90671B0C336200A3D2E2 /* SwifterSavedSearches.swift */,
				530F90681B0C336200A3D2E2 /* SwifterSearch.swift */,
				530F90691B0C336200A3D2E2 /* SwifterSpam.swift */,
				530F906A1B0C336200A3D2E2 /* SwifterStreaming.swift */,
				530F906B1B0C336200A3D2E2 /* SwifterSuggested.swift */,
				530F906C1B0C336200A3D2E2 /* SwifterTimelines.swift */,
				530F906D1B0C336200A3D2E2 /* SwifterTrends.swift */,
				530F906E1B0C336200A3D2E2 /* SwifterTweets.swift */,
				530F906F1B0C336200A3D2E2 /* SwifterUsers.swift */,
			);
			path = Swifter;
			sourceTree = "<group>";
		};
		7898243158B4A401A97F46C6 /* Frameworks */ = {
			isa = PBXGroup;
			children = (
				281442C23B9F2AAF26CB29FE /* Pods.framework */,
			);
			name = Frameworks;
			sourceTree = "<group>";
		};
		CB72533B55433C46AEEB8686 /* Pods */ = {
			isa = PBXGroup;
			children = (
				C15F2832B548A475270E3D40 /* Pods.debug.xcconfig */,
				7D2601BD7A4E445AAAE0B0C6 /* Pods.release.xcconfig */,
			);
			name = Pods;
			sourceTree = "<group>";
		};
		F43D09EF1B095BFD00F73939 = {
			isa = PBXGroup;
			children = (
				530F90511B0C336200A3D2E2 /* Swifter */,
				F43D09FA1B095BFD00F73939 /* SFTransit */,
				F43D0A101B095BFD00F73939 /* SFTransitTests */,
				F43D09F91B095BFD00F73939 /* Products */,
				CB72533B55433C46AEEB8686 /* Pods */,
				7898243158B4A401A97F46C6 /* Frameworks */,
			);
			sourceTree = "<group>";
		};
		F43D09F91B095BFD00F73939 /* Products */ = {
			isa = PBXGroup;
			children = (
				F43D09F81B095BFD00F73939 /* SFTransit.app */,
				F43D0A0D1B095BFD00F73939 /* SFTransitTests.xctest */,
			);
			name = Products;
			sourceTree = "<group>";
		};
		F43D09FA1B095BFD00F73939 /* SFTransit */ = {
			isa = PBXGroup;
			children = (
				F43D09FD1B095BFD00F73939 /* AppDelegate.swift */,
				F43D09FF1B095BFD00F73939 /* ViewController.swift */,
				F43D0A011B095BFD00F73939 /* Main.storyboard */,
				F43D0A041B095BFD00F73939 /* Images.xcassets */,
				F43D0A061B095BFD00F73939 /* LaunchScreen.xib */,
				F43D09FB1B095BFD00F73939 /* Supporting Files */,
				F4223C321B0AE2FA00BAE59B /* BartClient.swift */,
				F4223C361B0AEE2400BAE59B /* ScheduleInformation.swift */,
				F4223C341B0AE8F900BAE59B /* Station.swift */,
				530F908C1B0C338A00A3D2E2 /* TwitterViewController.swift */,
				530F908E1B0C34A400A3D2E2 /* SFTransit-Bridging-Header.h */,
				530F90911B0C364B00A3D2E2 /* TweetCell.swift */,
				530F90931B0C36A800A3D2E2 /* Tweet.swift */,
				530F90951B0C370100A3D2E2 /* TweetUser.swift */,
				530F90971B0C599B00A3D2E2 /* UIImageView+Utils.swift */,
			);
			path = SFTransit;
			sourceTree = "<group>";
		};
		F43D09FB1B095BFD00F73939 /* Supporting Files */ = {
			isa = PBXGroup;
			children = (
				F43D09FC1B095BFD00F73939 /* Info.plist */,
			);
			name = "Supporting Files";
			sourceTree = "<group>";
		};
		F43D0A101B095BFD00F73939 /* SFTransitTests */ = {
			isa = PBXGroup;
			children = (
				F43D0A131B095BFD00F73939 /* SFTransitTests.swift */,
				F43D0A111B095BFD00F73939 /* Supporting Files */,
			);
			path = SFTransitTests;
			sourceTree = "<group>";
		};
		F43D0A111B095BFD00F73939 /* Supporting Files */ = {
			isa = PBXGroup;
			children = (
				F43D0A121B095BFD00F73939 /* Info.plist */,
			);
			name = "Supporting Files";
			sourceTree = "<group>";
		};
/* End PBXGroup section */

/* Begin PBXNativeTarget section */
		F43D09F71B095BFD00F73939 /* SFTransit */ = {
			isa = PBXNativeTarget;
			buildConfigurationList = F43D0A171B095BFD00F73939 /* Build configuration list for PBXNativeTarget "SFTransit" */;
			buildPhases = (
				72995B4A814E0240FDF0A02A /* Check Pods Manifest.lock */,
				F43D09F41B095BFD00F73939 /* Sources */,
				F43D09F51B095BFD00F73939 /* Frameworks */,
				F43D09F61B095BFD00F73939 /* Resources */,
				F59D0FBC0941259814A221FD /* Embed Pods Frameworks */,
				2D792FCD9A34B25764D5D4BC /* Copy Pods Resources */,
			);
			buildRules = (
			);
			dependencies = (
			);
			name = SFTransit;
			productName = SFTransit;
			productReference = F43D09F81B095BFD00F73939 /* SFTransit.app */;
			productType = "com.apple.product-type.application";
		};
		F43D0A0C1B095BFD00F73939 /* SFTransitTests */ = {
			isa = PBXNativeTarget;
			buildConfigurationList = F43D0A1A1B095BFD00F73939 /* Build configuration list for PBXNativeTarget "SFTransitTests" */;
			buildPhases = (
				F43D0A091B095BFD00F73939 /* Sources */,
				F43D0A0A1B095BFD00F73939 /* Frameworks */,
				F43D0A0B1B095BFD00F73939 /* Resources */,
			);
			buildRules = (
			);
			dependencies = (
				F43D0A0F1B095BFD00F73939 /* PBXTargetDependency */,
			);
			name = SFTransitTests;
			productName = SFTransitTests;
			productReference = F43D0A0D1B095BFD00F73939 /* SFTransitTests.xctest */;
			productType = "com.apple.product-type.bundle.unit-test";
		};
/* End PBXNativeTarget section */

/* Begin PBXProject section */
		F43D09F01B095BFD00F73939 /* Project object */ = {
			isa = PBXProject;
			attributes = {
				LastUpgradeCheck = 0630;
				ORGANIZATIONNAME = "Holly French";
				TargetAttributes = {
					F43D09F71B095BFD00F73939 = {
						CreatedOnToolsVersion = 6.3.1;
					};
					F43D0A0C1B095BFD00F73939 = {
						CreatedOnToolsVersion = 6.3.1;
						TestTargetID = F43D09F71B095BFD00F73939;
					};
				};
			};
			buildConfigurationList = F43D09F31B095BFD00F73939 /* Build configuration list for PBXProject "SFTransit" */;
			compatibilityVersion = "Xcode 3.2";
			developmentRegion = English;
			hasScannedForEncodings = 0;
			knownRegions = (
				en,
				Base,
			);
			mainGroup = F43D09EF1B095BFD00F73939;
			productRefGroup = F43D09F91B095BFD00F73939 /* Products */;
			projectDirPath = "";
			projectRoot = "";
			targets = (
				F43D09F71B095BFD00F73939 /* SFTransit */,
				F43D0A0C1B095BFD00F73939 /* SFTransitTests */,
			);
		};
/* End PBXProject section */

/* Begin PBXResourcesBuildPhase section */
		F43D09F61B095BFD00F73939 /* Resources */ = {
			isa = PBXResourcesBuildPhase;
			buildActionMask = 2147483647;
			files = (
				530F90711B0C336200A3D2E2 /* Info.plist in Resources */,
				F43D0A031B095BFD00F73939 /* Main.storyboard in Resources */,
				F43D0A081B095BFD00F73939 /* LaunchScreen.xib in Resources */,
				F43D0A051B095BFD00F73939 /* Images.xcassets in Resources */,
			);
			runOnlyForDeploymentPostprocessing = 0;
		};
		F43D0A0B1B095BFD00F73939 /* Resources */ = {
			isa = PBXResourcesBuildPhase;
			buildActionMask = 2147483647;
			files = (
			);
			runOnlyForDeploymentPostprocessing = 0;
		};
/* End PBXResourcesBuildPhase section */

/* Begin PBXShellScriptBuildPhase section */
		2D792FCD9A34B25764D5D4BC /* Copy Pods Resources */ = {
			isa = PBXShellScriptBuildPhase;
			buildActionMask = 2147483647;
			files = (
			);
			inputPaths = (
			);
			name = "Copy Pods Resources";
			outputPaths = (
			);
			runOnlyForDeploymentPostprocessing = 0;
			shellPath = /bin/sh;
			shellScript = "\"${SRCROOT}/Pods/Target Support Files/Pods/Pods-resources.sh\"\n";
			showEnvVarsInLog = 0;
		};
		72995B4A814E0240FDF0A02A /* Check Pods Manifest.lock */ = {
			isa = PBXShellScriptBuildPhase;
			buildActionMask = 2147483647;
			files = (
			);
			inputPaths = (
			);
			name = "Check Pods Manifest.lock";
			outputPaths = (
			);
			runOnlyForDeploymentPostprocessing = 0;
			shellPath = /bin/sh;
			shellScript = "diff \"${PODS_ROOT}/../Podfile.lock\" \"${PODS_ROOT}/Manifest.lock\" > /dev/null\nif [[ $? != 0 ]] ; then\n    cat << EOM\nerror: The sandbox is not in sync with the Podfile.lock. Run 'pod install' or update your CocoaPods installation.\nEOM\n    exit 1\nfi\n";
			showEnvVarsInLog = 0;
		};
		F59D0FBC0941259814A221FD /* Embed Pods Frameworks */ = {
			isa = PBXShellScriptBuildPhase;
			buildActionMask = 2147483647;
			files = (
			);
			inputPaths = (
			);
			name = "Embed Pods Frameworks";
			outputPaths = (
			);
			runOnlyForDeploymentPostprocessing = 0;
			shellPath = /bin/sh;
			shellScript = "\"${SRCROOT}/Pods/Target Support Files/Pods/Pods-frameworks.sh\"\n";
			showEnvVarsInLog = 0;
		};
/* End PBXShellScriptBuildPhase section */

/* Begin PBXSourcesBuildPhase section */
		F43D09F41B095BFD00F73939 /* Sources */ = {
			isa = PBXSourcesBuildPhase;
			buildActionMask = 2147483647;
			files = (
				530F90741B0C336200A3D2E2 /* String+Swifter.swift in Sources */,
				530F90801B0C336200A3D2E2 /* SwifterMessages.swift in Sources */,
				F4223C331B0AE2FA00BAE59B /* BartClient.swift in Sources */,
				530F90921B0C364B00A3D2E2 /* TweetCell.swift in Sources */,
				530F908B1B0C336200A3D2E2 /* SwifterUsers.swift in Sources */,
				530F90821B0C336200A3D2E2 /* SwifterPlaces.swift in Sources */,
				530F90891B0C336200A3D2E2 /* SwifterTrends.swift in Sources */,
				530F90751B0C336200A3D2E2 /* Swifter.swift in Sources */,
				530F90731B0C336200A3D2E2 /* NSURL+Swifter.swift in Sources */,
				530F907E1B0C336200A3D2E2 /* SwifterHTTPRequest.swift in Sources */,
				530F90861B0C336200A3D2E2 /* SwifterStreaming.swift in Sources */,
				530F90881B0C336200A3D2E2 /* SwifterTimelines.swift in Sources */,
				530F908A1B0C336200A3D2E2 /* SwifterTweets.swift in Sources */,
				530F90721B0C336200A3D2E2 /* JSON.swift in Sources */,
				530F90761B0C336200A3D2E2 /* SwifterAccountsClient.swift in Sources */,
				530F907C1B0C336200A3D2E2 /* SwifterFollowers.swift in Sources */,
				F4223C371B0AEE2400BAE59B /* ScheduleInformation.swift in Sources */,
				530F90701B0C336200A3D2E2 /* Dictionary+Swifter.swift in Sources */,
				530F907B1B0C336200A3D2E2 /* SwifterFavorites.swift in Sources */,
				530F90841B0C336200A3D2E2 /* SwifterSearch.swift in Sources */,
				F43D0A001B095BFD00F73939 /* ViewController.swift in Sources */,
				F4223C351B0AE8F900BAE59B /* Station.swift in Sources */,
				530F907A1B0C336200A3D2E2 /* SwifterCredential.swift in Sources */,
				530F90811B0C336200A3D2E2 /* SwifterOAuthClient.swift in Sources */,
				530F90981B0C599B00A3D2E2 /* UIImageView+Utils.swift in Sources */,
				F43D09FE1B095BFD00F73939 /* AppDelegate.swift in Sources */,
				530F908D1B0C338A00A3D2E2 /* TwitterViewController.swift in Sources */,
				530F90831B0C336200A3D2E2 /* SwifterSavedSearches.swift in Sources */,
				530F90791B0C336200A3D2E2 /* SwifterClientProtocol.swift in Sources */,
				530F907F1B0C336200A3D2E2 /* SwifterLists.swift in Sources */,
				530F90771B0C336200A3D2E2 /* SwifterAppOnlyClient.swift in Sources */,
				530F90871B0C336200A3D2E2 /* SwifterSuggested.swift in Sources */,
				530F90941B0C36A800A3D2E2 /* Tweet.swift in Sources */,
				530F90851B0C336200A3D2E2 /* SwifterSpam.swift in Sources */,
				530F90781B0C336200A3D2E2 /* SwifterAuth.swift in Sources */,
				530F90961B0C370100A3D2E2 /* TweetUser.swift in Sources */,
				530F907D1B0C336200A3D2E2 /* SwifterHelp.swift in Sources */,
			);
			runOnlyForDeploymentPostprocessing = 0;
		};
		F43D0A091B095BFD00F73939 /* Sources */ = {
			isa = PBXSourcesBuildPhase;
			buildActionMask = 2147483647;
			files = (
				F43D0A141B095BFD00F73939 /* SFTransitTests.swift in Sources */,
			);
			runOnlyForDeploymentPostprocessing = 0;
		};
/* End PBXSourcesBuildPhase section */

/* Begin PBXTargetDependency section */
		F43D0A0F1B095BFD00F73939 /* PBXTargetDependency */ = {
			isa = PBXTargetDependency;
			target = F43D09F71B095BFD00F73939 /* SFTransit */;
			targetProxy = F43D0A0E1B095BFD00F73939 /* PBXContainerItemProxy */;
		};
/* End PBXTargetDependency section */

/* Begin PBXVariantGroup section */
		F43D0A011B095BFD00F73939 /* Main.storyboard */ = {
			isa = PBXVariantGroup;
			children = (
				F43D0A021B095BFD00F73939 /* Base */,
			);
			name = Main.storyboard;
			sourceTree = "<group>";
		};
		F43D0A061B095BFD00F73939 /* LaunchScreen.xib */ = {
			isa = PBXVariantGroup;
			children = (
				F43D0A071B095BFD00F73939 /* Base */,
			);
			name = LaunchScreen.xib;
			sourceTree = "<group>";
		};
/* End PBXVariantGroup section */

/* Begin XCBuildConfiguration section */
		F43D0A151B095BFD00F73939 /* Debug */ = {
			isa = XCBuildConfiguration;
			buildSettings = {
				ALWAYS_SEARCH_USER_PATHS = NO;
				CLANG_CXX_LANGUAGE_STANDARD = "gnu++0x";
				CLANG_CXX_LIBRARY = "libc++";
				CLANG_ENABLE_MODULES = YES;
				CLANG_ENABLE_OBJC_ARC = YES;
				CLANG_WARN_BOOL_CONVERSION = YES;
				CLANG_WARN_CONSTANT_CONVERSION = YES;
				CLANG_WARN_DIRECT_OBJC_ISA_USAGE = YES_ERROR;
				CLANG_WARN_EMPTY_BODY = YES;
				CLANG_WARN_ENUM_CONVERSION = YES;
				CLANG_WARN_INT_CONVERSION = YES;
				CLANG_WARN_OBJC_ROOT_CLASS = YES_ERROR;
				CLANG_WARN_UNREACHABLE_CODE = YES;
				CLANG_WARN__DUPLICATE_METHOD_MATCH = YES;
				"CODE_SIGN_IDENTITY[sdk=iphoneos*]" = "iPhone Developer";
				COPY_PHASE_STRIP = NO;
				DEBUG_INFORMATION_FORMAT = "dwarf-with-dsym";
				ENABLE_STRICT_OBJC_MSGSEND = YES;
				GCC_C_LANGUAGE_STANDARD = gnu99;
				GCC_DYNAMIC_NO_PIC = NO;
				GCC_NO_COMMON_BLOCKS = YES;
				GCC_OPTIMIZATION_LEVEL = 0;
				GCC_PREPROCESSOR_DEFINITIONS = (
					"DEBUG=1",
					"$(inherited)",
				);
				GCC_SYMBOLS_PRIVATE_EXTERN = NO;
				GCC_WARN_64_TO_32_BIT_CONVERSION = YES;
				GCC_WARN_ABOUT_RETURN_TYPE = YES_ERROR;
				GCC_WARN_UNDECLARED_SELECTOR = YES;
				GCC_WARN_UNINITIALIZED_AUTOS = YES_AGGRESSIVE;
				GCC_WARN_UNUSED_FUNCTION = YES;
				GCC_WARN_UNUSED_VARIABLE = YES;
				IPHONEOS_DEPLOYMENT_TARGET = 8.3;
				MTL_ENABLE_DEBUG_INFO = YES;
				ONLY_ACTIVE_ARCH = YES;
				SDKROOT = iphoneos;
				SWIFT_OPTIMIZATION_LEVEL = "-Onone";
			};
			name = Debug;
		};
		F43D0A161B095BFD00F73939 /* Release */ = {
			isa = XCBuildConfiguration;
			buildSettings = {
				ALWAYS_SEARCH_USER_PATHS = NO;
				CLANG_CXX_LANGUAGE_STANDARD = "gnu++0x";
				CLANG_CXX_LIBRARY = "libc++";
				CLANG_ENABLE_MODULES = YES;
				CLANG_ENABLE_OBJC_ARC = YES;
				CLANG_WARN_BOOL_CONVERSION = YES;
				CLANG_WARN_CONSTANT_CONVERSION = YES;
				CLANG_WARN_DIRECT_OBJC_ISA_USAGE = YES_ERROR;
				CLANG_WARN_EMPTY_BODY = YES;
				CLANG_WARN_ENUM_CONVERSION = YES;
				CLANG_WARN_INT_CONVERSION = YES;
				CLANG_WARN_OBJC_ROOT_CLASS = YES_ERROR;
				CLANG_WARN_UNREACHABLE_CODE = YES;
				CLANG_WARN__DUPLICATE_METHOD_MATCH = YES;
				"CODE_SIGN_IDENTITY[sdk=iphoneos*]" = "iPhone Developer";
				COPY_PHASE_STRIP = NO;
				DEBUG_INFORMATION_FORMAT = "dwarf-with-dsym";
				ENABLE_NS_ASSERTIONS = NO;
				ENABLE_STRICT_OBJC_MSGSEND = YES;
				GCC_C_LANGUAGE_STANDARD = gnu99;
				GCC_NO_COMMON_BLOCKS = YES;
				GCC_WARN_64_TO_32_BIT_CONVERSION = YES;
				GCC_WARN_ABOUT_RETURN_TYPE = YES_ERROR;
				GCC_WARN_UNDECLARED_SELECTOR = YES;
				GCC_WARN_UNINITIALIZED_AUTOS = YES_AGGRESSIVE;
				GCC_WARN_UNUSED_FUNCTION = YES;
				GCC_WARN_UNUSED_VARIABLE = YES;
				IPHONEOS_DEPLOYMENT_TARGET = 8.3;
				MTL_ENABLE_DEBUG_INFO = NO;
				SDKROOT = iphoneos;
				VALIDATE_PRODUCT = YES;
			};
			name = Release;
		};
		F43D0A181B095BFD00F73939 /* Debug */ = {
			isa = XCBuildConfiguration;
			baseConfigurationReference = C15F2832B548A475270E3D40 /* Pods.debug.xcconfig */;
			buildSettings = {
				ASSETCATALOG_COMPILER_APPICON_NAME = AppIcon;
				CLANG_ENABLE_MODULES = YES;
				INFOPLIST_FILE = SFTransit/Info.plist;
				LD_RUNPATH_SEARCH_PATHS = "$(inherited) @executable_path/Frameworks";
				PRODUCT_NAME = "$(TARGET_NAME)";
				SWIFT_OBJC_BRIDGING_HEADER = "SFTransit/SFTransit-Bridging-Header.h";
				SWIFT_OPTIMIZATION_LEVEL = "-Onone";
			};
			name = Debug;
		};
		F43D0A191B095BFD00F73939 /* Release */ = {
			isa = XCBuildConfiguration;
			baseConfigurationReference = 7D2601BD7A4E445AAAE0B0C6 /* Pods.release.xcconfig */;
			buildSettings = {
				ASSETCATALOG_COMPILER_APPICON_NAME = AppIcon;
				CLANG_ENABLE_MODULES = YES;
				INFOPLIST_FILE = SFTransit/Info.plist;
				LD_RUNPATH_SEARCH_PATHS = "$(inherited) @executable_path/Frameworks";
				PRODUCT_NAME = "$(TARGET_NAME)";
				SWIFT_OBJC_BRIDGING_HEADER = "SFTransit/SFTransit-Bridging-Header.h";
			};
			name = Release;
		};
		F43D0A1B1B095BFD00F73939 /* Debug */ = {
			isa = XCBuildConfiguration;
			buildSettings = {
				BUNDLE_LOADER = "$(TEST_HOST)";
				FRAMEWORK_SEARCH_PATHS = (
					"$(SDKROOT)/Developer/Library/Frameworks",
					"$(inherited)",
				);
				GCC_PREPROCESSOR_DEFINITIONS = (
					"DEBUG=1",
					"$(inherited)",
				);
				INFOPLIST_FILE = SFTransitTests/Info.plist;
				LD_RUNPATH_SEARCH_PATHS = "$(inherited) @executable_path/Frameworks @loader_path/Frameworks";
				PRODUCT_NAME = "$(TARGET_NAME)";
				TEST_HOST = "$(BUILT_PRODUCTS_DIR)/SFTransit.app/SFTransit";
			};
			name = Debug;
		};
		F43D0A1C1B095BFD00F73939 /* Release */ = {
			isa = XCBuildConfiguration;
			buildSettings = {
				BUNDLE_LOADER = "$(TEST_HOST)";
				FRAMEWORK_SEARCH_PATHS = (
					"$(SDKROOT)/Developer/Library/Frameworks",
					"$(inherited)",
				);
				INFOPLIST_FILE = SFTransitTests/Info.plist;
				LD_RUNPATH_SEARCH_PATHS = "$(inherited) @executable_path/Frameworks @loader_path/Frameworks";
				PRODUCT_NAME = "$(TARGET_NAME)";
				TEST_HOST = "$(BUILT_PRODUCTS_DIR)/SFTransit.app/SFTransit";
			};
			name = Release;
		};
/* End XCBuildConfiguration section */

/* Begin XCConfigurationList section */
		F43D09F31B095BFD00F73939 /* Build configuration list for PBXProject "SFTransit" */ = {
			isa = XCConfigurationList;
			buildConfigurations = (
				F43D0A151B095BFD00F73939 /* Debug */,
				F43D0A161B095BFD00F73939 /* Release */,
			);
			defaultConfigurationIsVisible = 0;
			defaultConfigurationName = Release;
		};
		F43D0A171B095BFD00F73939 /* Build configuration list for PBXNativeTarget "SFTransit" */ = {
			isa = XCConfigurationList;
			buildConfigurations = (
				F43D0A181B095BFD00F73939 /* Debug */,
				F43D0A191B095BFD00F73939 /* Release */,
			);
			defaultConfigurationIsVisible = 0;
			defaultConfigurationName = Release;
		};
		F43D0A1A1B095BFD00F73939 /* Build configuration list for PBXNativeTarget "SFTransitTests" */ = {
			isa = XCConfigurationList;
			buildConfigurations = (
				F43D0A1B1B095BFD00F73939 /* Debug */,
				F43D0A1C1B095BFD00F73939 /* Release */,
			);
			defaultConfigurationIsVisible = 0;
			defaultConfigurationName = Release;
		};
/* End XCConfigurationList section */
	};
	rootObject = F43D09F01B095BFD00F73939 /* Project object */;
}
